
Microsoft Visual Studio Solution File, Format Version 12.00
# Visual Studio Version 17
VisualStudioVersion = 17.7.34221.43
MinimumVisualStudioVersion = 10.0.40219.1
Project("{FAE04EC0-301F-11D3-BF4B-00C04F79EFBC}") = "app 2 igjen", "app 2 igjen\app 2 igjen.csproj", "{4360C15A-C986-4FA2-B433-82090C120692}"
EndProject
Global
	GlobalSection(SolutionConfigurationPlatforms) = preSolution
		Debug|Any CPU = Debug|Any CPU
		Release|Any CPU = Release|Any CPU
	EndGlobalSection
	GlobalSection(ProjectConfigurationPlatforms) = postSolution
		{4360C15A-C986-4FA2-B433-82090C120692}.Debug|Any CPU.ActiveCfg = Debug|Any CPU
		{4360C15A-C986-4FA2-B433-82090C120692}.Debug|Any CPU.Build.0 = Debug|Any CPU
		{4360C15A-C986-4FA2-B433-82090C120692}.Release|Any CPU.ActiveCfg = Release|Any CPU
		{4360C15A-C986-4FA2-B433-82090C120692}.Release|Any CPU.Build.0 = Release|Any CPU
	EndGlobalSection
	GlobalSection(SolutionProperties) = preSolution
		HideSolutionNode = FALSE
	EndGlobalSection
	GlobalSection(ExtensibilityGlobals) = postSolution
		SolutionGuid = {2E9E5B23-509A-447B-9CCD-4507D56C2775}
	EndGlobalSection
EndGlobal
